{
  "name": "notices",
  "version": "1.4.0",
  "lockfileVersion": 3,
  "requires": true,
  "packages": {
    "": {
      "name": "notices",
      "version": "1.4.0",
      "dependencies": {
        "acme-template": "file:vendor/acme-template-2.0.0.tgz"
      }
    },
    "node_modules/acme-template": {
      "version": "2.0.0",
      "resolved": "file:vendor/acme-template-2.0.0.tgz",
      "integrity": "sha512-7qr9fsZ3i3BFWr4pXkcxP4zw1Aa55ouOTfGhNwU/lGSkk+oj0WrgQvh2HnEhP6Uz9oc9VhACs+SUICT0m8bYPw==",
      "license": "MIT"
    }
  }
}
